{
  "name": "ow",
  "version": "1.0.0",
  "lockfileVersion": 1,
  "requires": true,
  "dependencies": {
    "uni-read-pages": {
      "version": "1.0.5",
      "resolved": "https://registry.npmjs.org/uni-read-pages/-/uni-read-pages-1.0.5.tgz",
      "integrity": "sha512-GkrrZ0LX0vn9R5k6RKEi0Ez3Q3e2vUpjXQ8Z6/K/d28KudI9ajqgt8WEjQFlG5EPm1K6uTArN8LlqmZTEixDUA=="
    },
    "uni-simple-router": {
      "version": "2.0.8-beta.4",
      "resolved": "https://registry.npmjs.org/uni-simple-router/-/uni-simple-router-2.0.8-beta.4.tgz",
      "integrity": "sha512-ipTHhOaRvjV8qrt3HosX5pNMhwFYBnFOuKyV5joH0evfXubjrGI5tjdwpmwzfW5h3VBth3iAqScv+pW/QmIJXw=="
    }
  }
}
